
Microsoft Visual Studio Solution File, Format Version 12.00
# Visual Studio Version 16
VisualStudioVersion = 16.0.30413.136
MinimumVisualStudioVersion = 10.0.40219.1
Project("{FAE04EC0-301F-11D3-BF4B-00C04F79EFBC}") = "Week3", "Week3\Week3.csproj", "{5C99B2CC-BD5F-4739-8FAC-E483B290DE72}"
EndProject
Project("{FAE04EC0-301F-11D3-BF4B-00C04F79EFBC}") = "LoginFormRefactored", "LoginFormRefactored\LoginFormRefactored.csproj", "{55143261-D212-48DE-A3B9-5DDAF300C5F5}"
EndProject
Project("{FAE04EC0-301F-11D3-BF4B-00C04F79EFBC}") = "PercentageCalculator", "PercentageCalculator\PercentageCalculator.csproj", "{72B76264-CB1C-48EF-8A89-F02A9DA51892}"
EndProject
Global
	GlobalSection(SolutionConfigurationPlatforms) = preSolution
		Debug|Any CPU = Debug|Any CPU
		Release|Any CPU = Release|Any CPU
	EndGlobalSection
	GlobalSection(ProjectConfigurationPlatforms) = postSolution
		{5C99B2CC-BD5F-4739-8FAC-E483B290DE72}.Debug|Any CPU.ActiveCfg = Debug|Any CPU
		{5C99B2CC-BD5F-4739-8FAC-E483B290DE72}.Debug|Any CPU.Build.0 = Debug|Any CPU
		{5C99B2CC-BD5F-4739-8FAC-E483B290DE72}.Release|Any CPU.ActiveCfg = Release|Any CPU
		{5C99B2CC-BD5F-4739-8FAC-E483B290DE72}.Release|Any CPU.Build.0 = Release|Any CPU
		{55143261-D212-48DE-A3B9-5DDAF300C5F5}.Debug|Any CPU.ActiveCfg = Debug|Any CPU
		{55143261-D212-48DE-A3B9-5DDAF300C5F5}.Debug|Any CPU.Build.0 = Debug|Any CPU
		{55143261-D212-48DE-A3B9-5DDAF300C5F5}.Release|Any CPU.ActiveCfg = Release|Any CPU
		{55143261-D212-48DE-A3B9-5DDAF300C5F5}.Release|Any CPU.Build.0 = Release|Any CPU
		{72B76264-CB1C-48EF-8A89-F02A9DA51892}.Debug|Any CPU.ActiveCfg = Debug|Any CPU
		{72B76264-CB1C-48EF-8A89-F02A9DA51892}.Debug|Any CPU.Build.0 = Debug|Any CPU
		{72B76264-CB1C-48EF-8A89-F02A9DA51892}.Release|Any CPU.ActiveCfg = Release|Any CPU
		{72B76264-CB1C-48EF-8A89-F02A9DA51892}.Release|Any CPU.Build.0 = Release|Any CPU
	EndGlobalSection
	GlobalSection(SolutionProperties) = preSolution
		HideSolutionNode = FALSE
	EndGlobalSection
	GlobalSection(ExtensibilityGlobals) = postSolution
		SolutionGuid = {374157FB-D482-4452-B653-1B256CE72593}
	EndGlobalSection
EndGlobal
